// !$*UTF8*$!
{
	archiveVersion = 1;
	classes = {
	};
	objectVersion = 56;
	objects = {

/* Begin PBXBuildFile section */
		346FCB722AFD806F00E37ABA /* ShowMealsApp.swift in Sources */ = {isa = PBXBuildFile; fileRef = 346FCB712AFD806F00E37ABA /* ShowMealsApp.swift */; };
		346FCB742AFD806F00E37ABA /* ContentView.swift in Sources */ = {isa = PBXBuildFile; fileRef = 346FCB732AFD806F00E37ABA /* ContentView.swift */; };
		346FCB762AFD807400E37ABA /* Assets.xcassets in Resources */ = {isa = PBXBuildFile; fileRef = 346FCB752AFD807400E37ABA /* Assets.xcassets */; };
		346FCB792AFD807400E37ABA /* Preview Assets.xcassets in Resources */ = {isa = PBXBuildFile; fileRef = 346FCB782AFD807400E37ABA /* Preview Assets.xcassets */; };
		346FCB832AFD807400E37ABA /* ShowMealsTests.swift in Sources */ = {isa = PBXBuildFile; fileRef = 346FCB822AFD807400E37ABA /* ShowMealsTests.swift */; };
		346FCB8D2AFD807400E37ABA /* ShowMealsUITests.swift in Sources */ = {isa = PBXBuildFile; fileRef = 346FCB8C2AFD807400E37ABA /* ShowMealsUITests.swift */; };
		346FCB8F2AFD807400E37ABA /* ShowMealsUITestsLaunchTests.swift in Sources */ = {isa = PBXBuildFile; fileRef = 346FCB8E2AFD807400E37ABA /* ShowMealsUITestsLaunchTests.swift */; };
		346FCB9E2AFD816100E37ABA /* Model.swift in Sources */ = {isa = PBXBuildFile; fileRef = 346FCB9D2AFD816100E37ABA /* Model.swift */; };
		346FCBA02AFD8BA000E37ABA /* Network.swift in Sources */ = {isa = PBXBuildFile; fileRef = 346FCB9F2AFD8BA000E37ABA /* Network.swift */; };
/* End PBXBuildFile section */

/* Begin PBXContainerItemProxy section */
		346FCB7F2AFD807400E37ABA /* PBXContainerItemProxy */ = {
			isa = PBXContainerItemProxy;
			containerPortal = 346FCB662AFD806F00E37ABA /* Project object */;
			proxyType = 1;
			remoteGlobalIDString = 346FCB6D2AFD806F00E37ABA;
			remoteInfo = ShowMeals;
		};
		346FCB892AFD807400E37ABA /* PBXContainerItemProxy */ = {
			isa = PBXContainerItemProxy;
			containerPortal = 346FCB662AFD806F00E37ABA /* Project object */;
			proxyType = 1;
			remoteGlobalIDString = 346FCB6D2AFD806F00E37ABA;
			remoteInfo = ShowMeals;
		};
/* End PBXContainerItemProxy section */

/* Begin PBXFileReference section */
		346FCB6E2AFD806F00E37ABA /* ShowMeals.app */ = {isa = PBXFileReference; explicitFileType = wrapper.application; includeInIndex = 0; path = ShowMeals.app; sourceTree = BUILT_PRODUCTS_DIR; };
		346FCB712AFD806F00E37ABA /* ShowMealsApp.swift */ = {isa = PBXFileReference; lastKnownFileType = sourcecode.swift; path = ShowMealsApp.swift; sourceTree = "<group>"; };
		346FCB732AFD806F00E37ABA /* ContentView.swift */ = {isa = PBXFileReference; lastKnownFileType = sourcecode.swift; path = ContentView.swift; sourceTree = "<group>"; };
		346FCB752AFD807400E37ABA /* Assets.xcassets */ = {isa = PBXFileReference; lastKnownFileType = folder.assetcatalog; path = Assets.xcassets; sourceTree = "<group>"; };
		346FCB782AFD807400E37ABA /* Preview Assets.xcassets */ = {isa = PBXFileReference; lastKnownFileType = folder.assetcatalog; path = "Preview Assets.xcassets"; sourceTree = "<group>"; };
		346FCB7E2AFD807400E37ABA /* ShowMealsTests.xctest */ = {isa = PBXFileReference; explicitFileType = wrapper.cfbundle; includeInIndex = 0; path = ShowMealsTests.xctest; sourceTree = BUILT_PRODUCTS_DIR; };
		346FCB822AFD807400E37ABA /* ShowMealsTests.swift */ = {isa = PBXFileReference; lastKnownFileType = sourcecode.swift; path = ShowMealsTests.swift; sourceTree = "<group>"; };
		346FCB882AFD807400E37ABA /* ShowMealsUITests.xctest */ = {isa = PBXFileReference; explicitFileType = wrapper.cfbundle; includeInIndex = 0; path = ShowMealsUITests.xctest; sourceTree = BUILT_PRODUCTS_DIR; };
		346FCB8C2AFD807400E37ABA /* ShowMealsUITests.swift */ = {isa = PBXFileReference; lastKnownFileType = sourcecode.swift; path = ShowMealsUITests.swift; sourceTree = "<group>"; };
		346FCB8E2AFD807400E37ABA /* ShowMealsUITestsLaunchTests.swift */ = {isa = PBXFileReference; lastKnownFileType = sourcecode.swift; path = ShowMealsUITestsLaunchTests.swift; sourceTree = "<group>"; };
		346FCB9D2AFD816100E37ABA /* Model.swift */ = {isa = PBXFileReference; lastKnownFileType = sourcecode.swift; path = Model.swift; sourceTree = "<group>"; };
		346FCB9F2AFD8BA000E37ABA /* Network.swift */ = {isa = PBXFileReference; lastKnownFileType = sourcecode.swift; path = Network.swift; sourceTree = "<group>"; };
/* End PBXFileReference section */

/* Begin PBXFrameworksBuildPhase section */
		346FCB6B2AFD806F00E37ABA /* Frameworks */ = {
			isa = PBXFrameworksBuildPhase;
			buildActionMask = 2147483647;
			files = (
			);
			runOnlyForDeploymentPostprocessing = 0;
		};
		346FCB7B2AFD807400E37ABA /* Frameworks */ = {
			isa = PBXFrameworksBuildPhase;
			buildActionMask = 2147483647;
			files = (
			);
			runOnlyForDeploymentPostprocessing = 0;
		};
		346FCB852AFD807400E37ABA /* Frameworks */ = {
			isa = PBXFrameworksBuildPhase;
			buildActionMask = 2147483647;
			files = (
			);
			runOnlyForDeploymentPostprocessing = 0;
		};
/* End PBXFrameworksBuildPhase section */

/* Begin PBXGroup section */
		346FCB652AFD806F00E37ABA = {
			isa = PBXGroup;
			children = (
				346FCB702AFD806F00E37ABA /* ShowMeals */,
				346FCB812AFD807400E37ABA /* ShowMealsTests */,
				346FCB8B2AFD807400E37ABA /* ShowMealsUITests */,
				346FCB6F2AFD806F00E37ABA /* Products */,
			);
			sourceTree = "<group>";
		};
		346FCB6F2AFD806F00E37ABA /* Products */ = {
			isa = PBXGroup;
			children = (
				346FCB6E2AFD806F00E37ABA /* ShowMeals.app */,
				346FCB7E2AFD807400E37ABA /* ShowMealsTests.xctest */,
				346FCB882AFD807400E37ABA /* ShowMealsUITests.xctest */,
			);
			name = Products;
			sourceTree = "<group>";
		};
		346FCB702AFD806F00E37ABA /* ShowMeals */ = {
			isa = PBXGroup;
			children = (
				346FCBA12AFD8BD700E37ABA /* Constants */,
				346FCB9C2AFD814F00E37ABA /* Models */,
				346FCB9B2AFD812200E37ABA /* NetworkCall */,
				346FCB712AFD806F00E37ABA /* ShowMealsApp.swift */,
				346FCB732AFD806F00E37ABA /* ContentView.swift */,
				346FCB752AFD807400E37ABA /* Assets.xcassets */,
				346FCB772AFD807400E37ABA /* Preview Content */,
			);
			path = ShowMeals;
			sourceTree = "<group>";
		};
		346FCB772AFD807400E37ABA /* Preview Content */ = {
			isa = PBXGroup;
			children = (
				346FCB782AFD807400E37ABA /* Preview Assets.xcassets */,
			);
			path = "Preview Content";
			sourceTree = "<group>";
		};
		346FCB812AFD807400E37ABA /* ShowMealsTests */ = {
			isa = PBXGroup;
			children = (
				346FCB822AFD807400E37ABA /* ShowMealsTests.swift */,
			);
			path = ShowMealsTests;
			sourceTree = "<group>";
		};
		346FCB8B2AFD807400E37ABA /* ShowMealsUITests */ = {
			isa = PBXGroup;
			children = (
				346FCB8C2AFD807400E37ABA /* ShowMealsUITests.swift */,
				346FCB8E2AFD807400E37ABA /* ShowMealsUITestsLaunchTests.swift */,
			);
			path = ShowMealsUITests;
			sourceTree = "<group>";
		};
		346FCB9B2AFD812200E37ABA /* NetworkCall */ = {
			isa = PBXGroup;
			children = (
				346FCB9F2AFD8BA000E37ABA /* Network.swift */,
			);
			path = NetworkCall;
			sourceTree = "<group>";
		};
		346FCB9C2AFD814F00E37ABA /* Models */ = {
			isa = PBXGroup;
			children = (
				346FCB9D2AFD816100E37ABA /* Model.swift */,
			);
			path = Models;
			sourceTree = "<group>";
		};
		346FCBA12AFD8BD700E37ABA /* Constants */ = {
			isa = PBXGroup;
			children = (
			);
			path = Constants;
			sourceTree = "<group>";
		};
/* End PBXGroup section */

/* Begin PBXNativeTarget section */
		346FCB6D2AFD806F00E37ABA /* ShowMeals */ = {
			isa = PBXNativeTarget;
			buildConfigurationList = 346FCB922AFD807400E37ABA /* Build configuration list for PBXNativeTarget "ShowMeals" */;
			buildPhases = (
				346FCB6A2AFD806F00E37ABA /* Sources */,
				346FCB6B2AFD806F00E37ABA /* Frameworks */,
				346FCB6C2AFD806F00E37ABA /* Resources */,
			);
			buildRules = (
			);
			dependencies = (
			);
			name = ShowMeals;
			productName = ShowMeals;
			productReference = 346FCB6E2AFD806F00E37ABA /* ShowMeals.app */;
			productType = "com.apple.product-type.application";
		};
		346FCB7D2AFD807400E37ABA /* ShowMealsTests */ = {
			isa = PBXNativeTarget;
			buildConfigurationList = 346FCB952AFD807400E37ABA /* Build configuration list for PBXNativeTarget "ShowMealsTests" */;
			buildPhases = (
				346FCB7A2AFD807400E37ABA /* Sources */,
				346FCB7B2AFD807400E37ABA /* Frameworks */,
				346FCB7C2AFD807400E37ABA /* Resources */,
			);
			buildRules = (
			);
			dependencies = (
				346FCB802AFD807400E37ABA /* PBXTargetDependency */,
			);
			name = ShowMealsTests;
			productName = ShowMealsTests;
			productReference = 346FCB7E2AFD807400E37ABA /* ShowMealsTests.xctest */;
			productType = "com.apple.product-type.bundle.unit-test";
		};
		346FCB872AFD807400E37ABA /* ShowMealsUITests */ = {
			isa = PBXNativeTarget;
			buildConfigurationList = 346FCB982AFD807400E37ABA /* Build configuration list for PBXNativeTarget "ShowMealsUITests" */;
			buildPhases = (
				346FCB842AFD807400E37ABA /* Sources */,
				346FCB852AFD807400E37ABA /* Frameworks */,
				346FCB862AFD807400E37ABA /* Resources */,
			);
			buildRules = (
			);
			dependencies = (
				346FCB8A2AFD807400E37ABA /* PBXTargetDependency */,
			);
			name = ShowMealsUITests;
			productName = ShowMealsUITests;
			productReference = 346FCB882AFD807400E37ABA /* ShowMealsUITests.xctest */;
			productType = "com.apple.product-type.bundle.ui-testing";
		};
/* End PBXNativeTarget section */

/* Begin PBXProject section */
		346FCB662AFD806F00E37ABA /* Project object */ = {
			isa = PBXProject;
			attributes = {
				BuildIndependentTargetsInParallel = 1;
				LastSwiftUpdateCheck = 1420;
				LastUpgradeCheck = 1420;
				TargetAttributes = {
					346FCB6D2AFD806F00E37ABA = {
						CreatedOnToolsVersion = 14.2;
					};
					346FCB7D2AFD807400E37ABA = {
						CreatedOnToolsVersion = 14.2;
						TestTargetID = 346FCB6D2AFD806F00E37ABA;
					};
					346FCB872AFD807400E37ABA = {
						CreatedOnToolsVersion = 14.2;
						TestTargetID = 346FCB6D2AFD806F00E37ABA;
					};
				};
			};
			buildConfigurationList = 346FCB692AFD806F00E37ABA /* Build configuration list for PBXProject "ShowMeals" */;
			compatibilityVersion = "Xcode 14.0";
			developmentRegion = en;
			hasScannedForEncodings = 0;
			knownRegions = (
				en,
				Base,
			);
			mainGroup = 346FCB652AFD806F00E37ABA;
			productRefGroup = 346FCB6F2AFD806F00E37ABA /* Products */;
			projectDirPath = "";
			projectRoot = "";
			targets = (
				346FCB6D2AFD806F00E37ABA /* ShowMeals */,
				346FCB7D2AFD807400E37ABA /* ShowMealsTests */,
				346FCB872AFD807400E37ABA /* ShowMealsUITests */,
			);
		};
/* End PBXProject section */

/* Begin PBXResourcesBuildPhase section */
		346FCB6C2AFD806F00E37ABA /* Resources */ = {
			isa = PBXResourcesBuildPhase;
			buildActionMask = 2147483647;
			files = (
				346FCB792AFD807400E37ABA /* Preview Assets.xcassets in Resources */,
				346FCB762AFD807400E37ABA /* Assets.xcassets in Resources */,
			);
			runOnlyForDeploymentPostprocessing = 0;
		};
		346FCB7C2AFD807400E37ABA /* Resources */ = {
			isa = PBXResourcesBuildPhase;
			buildActionMask = 2147483647;
			files = (
			);
			runOnlyForDeploymentPostprocessing = 0;
		};
		346FCB862AFD807400E37ABA /* Resources */ = {
			isa = PBXResourcesBuildPhase;
			buildActionMask = 2147483647;
			files = (
			);
			runOnlyForDeploymentPostprocessing = 0;
		};
/* End PBXResourcesBuildPhase section */

/* Begin PBXSourcesBuildPhase section */
		346FCB6A2AFD806F00E37ABA /* Sources */ = {
			isa = PBXSourcesBuildPhase;
			buildActionMask = 2147483647;
			files = (
				346FCB9E2AFD816100E37ABA /* Model.swift in Sources */,
				346FCB742AFD806F00E37ABA /* ContentView.swift in Sources */,
				346FCBA02AFD8BA000E37ABA /* Network.swift in Sources */,
				346FCB722AFD806F00E37ABA /* ShowMealsApp.swift in Sources */,
			);
			runOnlyForDeploymentPostprocessing = 0;
		};
		346FCB7A2AFD807400E37ABA /* Sources */ = {
			isa = PBXSourcesBuildPhase;
			buildActionMask = 2147483647;
			files = (
				346FCB832AFD807400E37ABA /* ShowMealsTests.swift in Sources */,
			);
			runOnlyForDeploymentPostprocessing = 0;
		};
		346FCB842AFD807400E37ABA /* Sources */ = {
			isa = PBXSourcesBuildPhase;
			buildActionMask = 2147483647;
			files = (
				346FCB8F2AFD807400E37ABA /* ShowMealsUITestsLaunchTests.swift in Sources */,
				346FCB8D2AFD807400E37ABA /* ShowMealsUITests.swift in Sources */,
			);
			runOnlyForDeploymentPostprocessing = 0;
		};
/* End PBXSourcesBuildPhase section */

/* Begin PBXTargetDependency section */
		346FCB802AFD807400E37ABA /* PBXTargetDependency */ = {
			isa = PBXTargetDependency;
			target = 346FCB6D2AFD806F00E37ABA /* ShowMeals */;
			targetProxy = 346FCB7F2AFD807400E37ABA /* PBXContainerItemProxy */;
		};
		346FCB8A2AFD807400E37ABA /* PBXTargetDependency */ = {
			isa = PBXTargetDependency;
			target = 346FCB6D2AFD806F00E37ABA /* ShowMeals */;
			targetProxy = 346FCB892AFD807400E37ABA /* PBXContainerItemProxy */;
		};
/* End PBXTargetDependency section */

/* Begin XCBuildConfiguration section */
		346FCB902AFD807400E37ABA /* Debug */ = {
			isa = XCBuildConfiguration;
			buildSettings = {
				ALWAYS_SEARCH_USER_PATHS = NO;
				CLANG_ANALYZER_NONNULL = YES;
				CLANG_ANALYZER_NUMBER_OBJECT_CONVERSION = YES_AGGRESSIVE;
				CLANG_CXX_LANGUAGE_STANDARD = "gnu++20";
				CLANG_ENABLE_MODULES = YES;
				CLANG_ENABLE_OBJC_ARC = YES;
				CLANG_ENABLE_OBJC_WEAK = YES;
				CLANG_WARN_BLOCK_CAPTURE_AUTORELEASING = YES;
				CLANG_WARN_BOOL_CONVERSION = YES;
				CLANG_WARN_COMMA = YES;
				CLANG_WARN_CONSTANT_CONVERSION = YES;
				CLANG_WARN_DEPRECATED_OBJC_IMPLEMENTATIONS = YES;
				CLANG_WARN_DIRECT_OBJC_ISA_USAGE = YES_ERROR;
				CLANG_WARN_DOCUMENTATION_COMMENTS = YES;
				CLANG_WARN_EMPTY_BODY = YES;
				CLANG_WARN_ENUM_CONVERSION = YES;
				CLANG_WARN_INFINITE_RECURSION = YES;
				CLANG_WARN_INT_CONVERSION = YES;
				CLANG_WARN_NON_LITERAL_NULL_CONVERSION = YES;
				CLANG_WARN_OBJC_IMPLICIT_RETAIN_SELF = YES;
				CLANG_WARN_OBJC_LITERAL_CONVERSION = YES;
				CLANG_WARN_OBJC_ROOT_CLASS = YES_ERROR;
				CLANG_WARN_QUOTED_INCLUDE_IN_FRAMEWORK_HEADER = YES;
				CLANG_WARN_RANGE_LOOP_ANALYSIS = YES;
				CLANG_WARN_STRICT_PROTOTYPES = YES;
				CLANG_WARN_SUSPICIOUS_MOVE = YES;
				CLANG_WARN_UNGUARDED_AVAILABILITY = YES_AGGRESSIVE;
				CLANG_WARN_UNREACHABLE_CODE = YES;
				CLANG_WARN__DUPLICATE_METHOD_MATCH = YES;
				COPY_PHASE_STRIP = NO;
				DEBUG_INFORMATION_FORMAT = dwarf;
				ENABLE_STRICT_OBJC_MSGSEND = YES;
				ENABLE_TESTABILITY = YES;
				GCC_C_LANGUAGE_STANDARD = gnu11;
				GCC_DYNAMIC_NO_PIC = NO;
				GCC_NO_COMMON_BLOCKS = YES;
				GCC_OPTIMIZATION_LEVEL = 0;
				GCC_PREPROCESSOR_DEFINITIONS = (
					"DEBUG=1",
					"$(inherited)",
				);
				GCC_WARN_64_TO_32_BIT_CONVERSION = YES;
				GCC_WARN_ABOUT_RETURN_TYPE = YES_ERROR;
				GCC_WARN_UNDECLARED_SELECTOR = YES;
				GCC_WARN_UNINITIALIZED_AUTOS = YES_AGGRESSIVE;
				GCC_WARN_UNUSED_FUNCTION = YES;
				GCC_WARN_UNUSED_VARIABLE = YES;
				IPHONEOS_DEPLOYMENT_TARGET = 16.2;
				MTL_ENABLE_DEBUG_INFO = INCLUDE_SOURCE;
				MTL_FAST_MATH = YES;
				ONLY_ACTIVE_ARCH = YES;
				SDKROOT = iphoneos;
				SWIFT_ACTIVE_COMPILATION_CONDITIONS = DEBUG;
				SWIFT_OPTIMIZATION_LEVEL = "-Onone";
			};
			name = Debug;
		};
		346FCB912AFD807400E37ABA /* Release */ = {
			isa = XCBuildConfiguration;
			buildSettings = {
				ALWAYS_SEARCH_USER_PATHS = NO;
				CLANG_ANALYZER_NONNULL = YES;
				CLANG_ANALYZER_NUMBER_OBJECT_CONVERSION = YES_AGGRESSIVE;
				CLANG_CXX_LANGUAGE_STANDARD = "gnu++20";
				CLANG_ENABLE_MODULES = YES;
				CLANG_ENABLE_OBJC_ARC = YES;
				CLANG_ENABLE_OBJC_WEAK = YES;
				CLANG_WARN_BLOCK_CAPTURE_AUTORELEASING = YES;
				CLANG_WARN_BOOL_CONVERSION = YES;
				CLANG_WARN_COMMA = YES;
				CLANG_WARN_CONSTANT_CONVERSION = YES;
				CLANG_WARN_DEPRECATED_OBJC_IMPLEMENTATIONS = YES;
				CLANG_WARN_DIRECT_OBJC_ISA_USAGE = YES_ERROR;
				CLANG_WARN_DOCUMENTATION_COMMENTS = YES;
				CLANG_WARN_EMPTY_BODY = YES;
				CLANG_WARN_ENUM_CONVERSION = YES;
				CLANG_WARN_INFINITE_RECURSION = YES;
				CLANG_WARN_INT_CONVERSION = YES;
				CLANG_WARN_NON_LITERAL_NULL_CONVERSION = YES;
				CLANG_WARN_OBJC_IMPLICIT_RETAIN_SELF = YES;
				CLANG_WARN_OBJC_LITERAL_CONVERSION = YES;
				CLANG_WARN_OBJC_ROOT_CLASS = YES_ERROR;
				CLANG_WARN_QUOTED_INCLUDE_IN_FRAMEWORK_HEADER = YES;
				CLANG_WARN_RANGE_LOOP_ANALYSIS = YES;
				CLANG_WARN_STRICT_PROTOTYPES = YES;
				CLANG_WARN_SUSPICIOUS_MOVE = YES;
				CLANG_WARN_UNGUARDED_AVAILABILITY = YES_AGGRESSIVE;
				CLANG_WARN_UNREACHABLE_CODE = YES;
				CLANG_WARN__DUPLICATE_METHOD_MATCH = YES;
				COPY_PHASE_STRIP = NO;
				DEBUG_INFORMATION_FORMAT = "dwarf-with-dsym";
				ENABLE_NS_ASSERTIONS = NO;
				ENABLE_STRICT_OBJC_MSGSEND = YES;
				GCC_C_LANGUAGE_STANDARD = gnu11;
				GCC_NO_COMMON_BLOCKS = YES;
				GCC_WARN_64_TO_32_BIT_CONVERSION = YES;
				GCC_WARN_ABOUT_RETURN_TYPE = YES_ERROR;
				GCC_WARN_UNDECLARED_SELECTOR = YES;
				GCC_WARN_UNINITIALIZED_AUTOS = YES_AGGRESSIVE;
				GCC_WARN_UNUSED_FUNCTION = YES;
				GCC_WARN_UNUSED_VARIABLE = YES;
				IPHONEOS_DEPLOYMENT_TARGET = 16.2;
				MTL_ENABLE_DEBUG_INFO = NO;
				MTL_FAST_MATH = YES;
				SDKROOT = iphoneos;
				SWIFT_COMPILATION_MODE = wholemodule;
				SWIFT_OPTIMIZATION_LEVEL = "-O";
				VALIDATE_PRODUCT = YES;
			};
			name = Release;
		};
		346FCB932AFD807400E37ABA /* Debug */ = {
			isa = XCBuildConfiguration;
			buildSettings = {
				ASSETCATALOG_COMPILER_APPICON_NAME = AppIcon;
				ASSETCATALOG_COMPILER_GLOBAL_ACCENT_COLOR_NAME = AccentColor;
				CODE_SIGN_STYLE = Automatic;
				CURRENT_PROJECT_VERSION = 1;
				DEVELOPMENT_ASSET_PATHS = "\"ShowMeals/Preview Content\"";
				ENABLE_PREVIEWS = YES;
				GENERATE_INFOPLIST_FILE = YES;
				INFOPLIST_KEY_UIApplicationSceneManifest_Generation = YES;
				INFOPLIST_KEY_UIApplicationSupportsIndirectInputEvents = YES;
				INFOPLIST_KEY_UILaunchScreen_Generation = YES;
				INFOPLIST_KEY_UISupportedInterfaceOrientations_iPad = "UIInterfaceOrientationPortrait UIInterfaceOrientationPortraitUpsideDown UIInterfaceOrientationLandscapeLeft UIInterfaceOrientationLandscapeRight";
				INFOPLIST_KEY_UISupportedInterfaceOrientations_iPhone = "UIInterfaceOrientationPortrait UIInterfaceOrientationLandscapeLeft UIInterfaceOrientationLandscapeRight";
				LD_RUNPATH_SEARCH_PATHS = (
					"$(inherited)",
					"@executable_path/Frameworks",
				);
				MARKETING_VERSION = 1.0;
				PRODUCT_BUNDLE_IDENTIFIER = com.app.ShowMeals;
				PRODUCT_NAME = "$(TARGET_NAME)";
				SWIFT_EMIT_LOC_STRINGS = YES;
				SWIFT_VERSION = 5.0;
				TARGETED_DEVICE_FAMILY = "1,2";
			};
			name = Debug;
		};
		346FCB942AFD807400E37ABA /* Release */ = {
			isa = XCBuildConfiguration;
			buildSettings = {
				ASSETCATALOG_COMPILER_APPICON_NAME = AppIcon;
				ASSETCATALOG_COMPILER_GLOBAL_ACCENT_COLOR_NAME = AccentColor;
				CODE_SIGN_STYLE = Automatic;
				CURRENT_PROJECT_VERSION = 1;
				DEVELOPMENT_ASSET_PATHS = "\"ShowMeals/Preview Content\"";
				ENABLE_PREVIEWS = YES;
				GENERATE_INFOPLIST_FILE = YES;
				INFOPLIST_KEY_UIApplicationSceneManifest_Generation = YES;
				INFOPLIST_KEY_UIApplicationSupportsIndirectInputEvents = YES;
				INFOPLIST_KEY_UILaunchScreen_Generation = YES;
				INFOPLIST_KEY_UISupportedInterfaceOrientations_iPad = "UIInterfaceOrientationPortrait UIInterfaceOrientationPortraitUpsideDown UIInterfaceOrientationLandscapeLeft UIInterfaceOrientationLandscapeRight";
				INFOPLIST_KEY_UISupportedInterfaceOrientations_iPhone = "UIInterfaceOrientationPortrait UIInterfaceOrientationLandscapeLeft UIInterfaceOrientationLandscapeRight";
				LD_RUNPATH_SEARCH_PATHS = (
					"$(inherited)",
					"@executable_path/Frameworks",
				);
				MARKETING_VERSION = 1.0;
				PRODUCT_BUNDLE_IDENTIFIER = com.app.ShowMeals;
				PRODUCT_NAME = "$(TARGET_NAME)";
				SWIFT_EMIT_LOC_STRINGS = YES;
				SWIFT_VERSION = 5.0;
				TARGETED_DEVICE_FAMILY = "1,2";
			};
			name = Release;
		};
		346FCB962AFD807400E37ABA /* Debug */ = {
			isa = XCBuildConfiguration;
			buildSettings = {
				ALWAYS_EMBED_SWIFT_STANDARD_LIBRARIES = YES;
				BUNDLE_LOADER = "$(TEST_HOST)";
				CODE_SIGN_STYLE = Automatic;
				CURRENT_PROJECT_VERSION = 1;
				GENERATE_INFOPLIST_FILE = YES;
				IPHONEOS_DEPLOYMENT_TARGET = 16.2;
				MARKETING_VERSION = 1.0;
				PRODUCT_BUNDLE_IDENTIFIER = com.app.ShowMealsTests;
				PRODUCT_NAME = "$(TARGET_NAME)";
				SWIFT_EMIT_LOC_STRINGS = NO;
				SWIFT_VERSION = 5.0;
				TARGETED_DEVICE_FAMILY = "1,2";
				TEST_HOST = "$(BUILT_PRODUCTS_DIR)/ShowMeals.app/$(BUNDLE_EXECUTABLE_FOLDER_PATH)/ShowMeals";
			};
			name = Debug;
		};
		346FCB972AFD807400E37ABA /* Release */ = {
			isa = XCBuildConfiguration;
			buildSettings = {
				ALWAYS_EMBED_SWIFT_STANDARD_LIBRARIES = YES;
				BUNDLE_LOADER = "$(TEST_HOST)";
				CODE_SIGN_STYLE = Automatic;
				CURRENT_PROJECT_VERSION = 1;
				GENERATE_INFOPLIST_FILE = YES;
				IPHONEOS_DEPLOYMENT_TARGET = 16.2;
				MARKETING_VERSION = 1.0;
				PRODUCT_BUNDLE_IDENTIFIER = com.app.ShowMealsTests;
				PRODUCT_NAME = "$(TARGET_NAME)";
				SWIFT_EMIT_LOC_STRINGS = NO;
				SWIFT_VERSION = 5.0;
				TARGETED_DEVICE_FAMILY = "1,2";
				TEST_HOST = "$(BUILT_PRODUCTS_DIR)/ShowMeals.app/$(BUNDLE_EXECUTABLE_FOLDER_PATH)/ShowMeals";
			};
			name = Release;
		};
		346FCB992AFD807400E37ABA /* Debug */ = {
			isa = XCBuildConfiguration;
			buildSettings = {
				ALWAYS_EMBED_SWIFT_STANDARD_LIBRARIES = YES;
				CODE_SIGN_STYLE = Automatic;
				CURRENT_PROJECT_VERSION = 1;
				GENERATE_INFOPLIST_FILE = YES;
				MARKETING_VERSION = 1.0;
				PRODUCT_BUNDLE_IDENTIFIER = com.app.ShowMealsUITests;
				PRODUCT_NAME = "$(TARGET_NAME)";
				SWIFT_EMIT_LOC_STRINGS = NO;
				SWIFT_VERSION = 5.0;
				TARGETED_DEVICE_FAMILY = "1,2";
				TEST_TARGET_NAME = ShowMeals;
			};
			name = Debug;
		};
		346FCB9A2AFD807400E37ABA /* Release */ = {
			isa = XCBuildConfiguration;
			buildSettings = {
				ALWAYS_EMBED_SWIFT_STANDARD_LIBRARIES = YES;
				CODE_SIGN_STYLE = Automatic;
				CURRENT_PROJECT_VERSION = 1;
				GENERATE_INFOPLIST_FILE = YES;
				MARKETING_VERSION = 1.0;
				PRODUCT_BUNDLE_IDENTIFIER = com.app.ShowMealsUITests;
				PRODUCT_NAME = "$(TARGET_NAME)";
				SWIFT_EMIT_LOC_STRINGS = NO;
				SWIFT_VERSION = 5.0;
				TARGETED_DEVICE_FAMILY = "1,2";
				TEST_TARGET_NAME = ShowMeals;
			};
			name = Release;
		};
/* End XCBuildConfiguration section */

/* Begin XCConfigurationList section */
		346FCB692AFD806F00E37ABA /* Build configuration list for PBXProject "ShowMeals" */ = {
			isa = XCConfigurationList;
			buildConfigurations = (
				346FCB902AFD807400E37ABA /* Debug */,
				346FCB912AFD807400E37ABA /* Release */,
			);
			defaultConfigurationIsVisible = 0;
			defaultConfigurationName = Release;
		};
		346FCB922AFD807400E37ABA /* Build configuration list for PBXNativeTarget "ShowMeals" */ = {
			isa = XCConfigurationList;
			buildConfigurations = (
				346FCB932AFD807400E37ABA /* Debug */,
				346FCB942AFD807400E37ABA /* Release */,
			);
			defaultConfigurationIsVisible = 0;
			defaultConfigurationName = Release;
		};
		346FCB952AFD807400E37ABA /* Build configuration list for PBXNativeTarget "ShowMealsTests" */ = {
			isa = XCConfigurationList;
			buildConfigurations = (
				346FCB962AFD807400E37ABA /* Debug */,
				346FCB972AFD807400E37ABA /* Release */,
			);
			defaultConfigurationIsVisible = 0;
			defaultConfigurationName = Release;
		};
		346FCB982AFD807400E37ABA /* Build configuration list for PBXNativeTarget "ShowMealsUITests" */ = {
			isa = XCConfigurationList;
			buildConfigurations = (
				346FCB992AFD807400E37ABA /* Debug */,
				346FCB9A2AFD807400E37ABA /* Release */,
			);
			defaultConfigurationIsVisible = 0;
			defaultConfigurationName = Release;
		};
/* End XCConfigurationList section */
	};
	rootObject = 346FCB662AFD806F00E37ABA /* Project object */;
}
